
Microsoft Visual Studio Solution File, Format Version 12.00
# Visual Studio Version 16
VisualStudioVersion = 16.0.31702.278
MinimumVisualStudioVersion = 10.0.40219.1
Project("{8BC9CEB8-8B4A-11D0-8D11-00A0C91BC942}") = "LearnOpenGL", "LearnOpenGL.vcxproj", "{F71974F1-B49F-4F25-8D9C-BCEFC9E24B0E}"
EndProject
Global
	GlobalSection(SolutionConfigurationPlatforms) = preSolution
		Debug|x64 = Debug|x64
		Debug|x86 = Debug|x86
		Release|x64 = Release|x64
		Release|x86 = Release|x86
	EndGlobalSection
	GlobalSection(ProjectConfigurationPlatforms) = postSolution
		{F71974F1-B49F-4F25-8D9C-BCEFC9E24B0E}.Debug|x64.ActiveCfg = Debug|x64
		{F71974F1-B49F-4F25-8D9C-BCEFC9E24B0E}.Debug|x64.Build.0 = Debug|x64
		{F71974F1-B49F-4F25-8D9C-BCEFC9E24B0E}.Debug|x86.ActiveCfg = Debug|Win32
		{F71974F1-B49F-4F25-8D9C-BCEFC9E24B0E}.Debug|x86.Build.0 = Debug|Win32
		{F71974F1-B49F-4F25-8D9C-BCEFC9E24B0E}.Release|x64.ActiveCfg = Release|x64
		{F71974F1-B49F-4F25-8D9C-BCEFC9E24B0E}.Release|x64.Build.0 = Release|x64
		{F71974F1-B49F-4F25-8D9C-BCEFC9E24B0E}.Release|x86.ActiveCfg = Release|Win32
		{F71974F1-B49F-4F25-8D9C-BCEFC9E24B0E}.Release|x86.Build.0 = Release|Win32
	EndGlobalSection
	GlobalSection(SolutionProperties) = preSolution
		HideSolutionNode = FALSE
	EndGlobalSection
	GlobalSection(ExtensibilityGlobals) = postSolution
		SolutionGuid = {A3DEAA89-4DDC-4752-962A-B5B1091A9551}
	EndGlobalSection
EndGlobal
